
Microsoft Visual Studio Solution File, Format Version 12.00
# Visual Studio 2013
VisualStudioVersion = 12.0.31101.0
MinimumVisualStudioVersion = 10.0.40219.1
Project("{F184B08F-C81C-45F6-A57F-5ABD9991F28F}") = "WinIU", "WinIU\WinIU.vbproj", "{03CA5AE9-30B0-4A86-AE68-F02B8DE381D0}"
EndProject
Project("{F184B08F-C81C-45F6-A57F-5ABD9991F28F}") = "WinIUSetting", "WinIUSetting\WinIUSetting.vbproj", "{C1D78A37-A4DA-4079-BEB5-78677C6E2AF5}"
EndProject
Project("{2150E333-8FDC-42A3-9474-1A3956D46DE8}") = "Solution Items", "Solution Items", "{DDCBD919-27A5-45EB-8A50-668A982A9347}"
	ProjectSection(SolutionItems) = preProject
		ExampleSettings.xml = ExampleSettings.xml
		README.md = README.md
	EndProjectSection
EndProject
Global
	GlobalSection(SolutionConfigurationPlatforms) = preSolution
		CD_ROM|Any CPU = CD_ROM|Any CPU
		CD_ROM|Mixed Platforms = CD_ROM|Mixed Platforms
		CD_ROM|x86 = CD_ROM|x86
		Debug|Any CPU = Debug|Any CPU
		Debug|Mixed Platforms = Debug|Mixed Platforms
		Debug|x86 = Debug|x86
		DVD-5|Any CPU = DVD-5|Any CPU
		DVD-5|Mixed Platforms = DVD-5|Mixed Platforms
		DVD-5|x86 = DVD-5|x86
		Release|Any CPU = Release|Any CPU
		Release|Mixed Platforms = Release|Mixed Platforms
		Release|x86 = Release|x86
		SingleImage|Any CPU = SingleImage|Any CPU
		SingleImage|Mixed Platforms = SingleImage|Mixed Platforms
		SingleImage|x86 = SingleImage|x86
	EndGlobalSection
	GlobalSection(ProjectConfigurationPlatforms) = postSolution
		{03CA5AE9-30B0-4A86-AE68-F02B8DE381D0}.CD_ROM|Any CPU.ActiveCfg = Release|x86
		{03CA5AE9-30B0-4A86-AE68-F02B8DE381D0}.CD_ROM|Mixed Platforms.ActiveCfg = Release|x86
		{03CA5AE9-30B0-4A86-AE68-F02B8DE381D0}.CD_ROM|Mixed Platforms.Build.0 = Release|x86
		{03CA5AE9-30B0-4A86-AE68-F02B8DE381D0}.CD_ROM|x86.ActiveCfg = Release|x86
		{03CA5AE9-30B0-4A86-AE68-F02B8DE381D0}.CD_ROM|x86.Build.0 = Release|x86
		{03CA5AE9-30B0-4A86-AE68-F02B8DE381D0}.Debug|Any CPU.ActiveCfg = Debug|x86
		{03CA5AE9-30B0-4A86-AE68-F02B8DE381D0}.Debug|Mixed Platforms.ActiveCfg = Debug|x86
		{03CA5AE9-30B0-4A86-AE68-F02B8DE381D0}.Debug|Mixed Platforms.Build.0 = Debug|x86
		{03CA5AE9-30B0-4A86-AE68-F02B8DE381D0}.Debug|x86.ActiveCfg = Debug|x86
		{03CA5AE9-30B0-4A86-AE68-F02B8DE381D0}.Debug|x86.Build.0 = Debug|x86
		{03CA5AE9-30B0-4A86-AE68-F02B8DE381D0}.DVD-5|Any CPU.ActiveCfg = Debug|x86
		{03CA5AE9-30B0-4A86-AE68-F02B8DE381D0}.DVD-5|Mixed Platforms.ActiveCfg = Debug|x86
		{03CA5AE9-30B0-4A86-AE68-F02B8DE381D0}.DVD-5|Mixed Platforms.Build.0 = Debug|x86
		{03CA5AE9-30B0-4A86-AE68-F02B8DE381D0}.DVD-5|x86.ActiveCfg = Debug|x86
		{03CA5AE9-30B0-4A86-AE68-F02B8DE381D0}.DVD-5|x86.Build.0 = Debug|x86
		{03CA5AE9-30B0-4A86-AE68-F02B8DE381D0}.Release|Any CPU.ActiveCfg = Release|x86
		{03CA5AE9-30B0-4A86-AE68-F02B8DE381D0}.Release|Mixed Platforms.ActiveCfg = Release|x86
		{03CA5AE9-30B0-4A86-AE68-F02B8DE381D0}.Release|Mixed Platforms.Build.0 = Release|x86
		{03CA5AE9-30B0-4A86-AE68-F02B8DE381D0}.Release|x86.ActiveCfg = Release|x86
		{03CA5AE9-30B0-4A86-AE68-F02B8DE381D0}.Release|x86.Build.0 = Release|x86
		{03CA5AE9-30B0-4A86-AE68-F02B8DE381D0}.SingleImage|Any CPU.ActiveCfg = Release|x86
		{03CA5AE9-30B0-4A86-AE68-F02B8DE381D0}.SingleImage|Mixed Platforms.ActiveCfg = Release|x86
		{03CA5AE9-30B0-4A86-AE68-F02B8DE381D0}.SingleImage|Mixed Platforms.Build.0 = Release|x86
		{03CA5AE9-30B0-4A86-AE68-F02B8DE381D0}.SingleImage|x86.ActiveCfg = Release|x86
		{03CA5AE9-30B0-4A86-AE68-F02B8DE381D0}.SingleImage|x86.Build.0 = Release|x86
		{C1D78A37-A4DA-4079-BEB5-78677C6E2AF5}.CD_ROM|Any CPU.ActiveCfg = Release|x86
		{C1D78A37-A4DA-4079-BEB5-78677C6E2AF5}.CD_ROM|Mixed Platforms.ActiveCfg = Release|x86
		{C1D78A37-A4DA-4079-BEB5-78677C6E2AF5}.CD_ROM|Mixed Platforms.Build.0 = Release|x86
		{C1D78A37-A4DA-4079-BEB5-78677C6E2AF5}.CD_ROM|x86.ActiveCfg = Release|x86
		{C1D78A37-A4DA-4079-BEB5-78677C6E2AF5}.CD_ROM|x86.Build.0 = Release|x86
		{C1D78A37-A4DA-4079-BEB5-78677C6E2AF5}.Debug|Any CPU.ActiveCfg = Debug|x86
		{C1D78A37-A4DA-4079-BEB5-78677C6E2AF5}.Debug|Mixed Platforms.ActiveCfg = Debug|x86
		{C1D78A37-A4DA-4079-BEB5-78677C6E2AF5}.Debug|Mixed Platforms.Build.0 = Debug|x86
		{C1D78A37-A4DA-4079-BEB5-78677C6E2AF5}.Debug|x86.ActiveCfg = Debug|x86
		{C1D78A37-A4DA-4079-BEB5-78677C6E2AF5}.Debug|x86.Build.0 = Debug|x86
		{C1D78A37-A4DA-4079-BEB5-78677C6E2AF5}.DVD-5|Any CPU.ActiveCfg = Debug|x86
		{C1D78A37-A4DA-4079-BEB5-78677C6E2AF5}.DVD-5|Mixed Platforms.ActiveCfg = Debug|x86
		{C1D78A37-A4DA-4079-BEB5-78677C6E2AF5}.DVD-5|Mixed Platforms.Build.0 = Debug|x86
		{C1D78A37-A4DA-4079-BEB5-78677C6E2AF5}.DVD-5|x86.ActiveCfg = Debug|x86
		{C1D78A37-A4DA-4079-BEB5-78677C6E2AF5}.DVD-5|x86.Build.0 = Debug|x86
		{C1D78A37-A4DA-4079-BEB5-78677C6E2AF5}.Release|Any CPU.ActiveCfg = Release|x86
		{C1D78A37-A4DA-4079-BEB5-78677C6E2AF5}.Release|Mixed Platforms.ActiveCfg = Release|x86
		{C1D78A37-A4DA-4079-BEB5-78677C6E2AF5}.Release|Mixed Platforms.Build.0 = Release|x86
		{C1D78A37-A4DA-4079-BEB5-78677C6E2AF5}.Release|x86.ActiveCfg = Release|x86
		{C1D78A37-A4DA-4079-BEB5-78677C6E2AF5}.Release|x86.Build.0 = Release|x86
		{C1D78A37-A4DA-4079-BEB5-78677C6E2AF5}.SingleImage|Any CPU.ActiveCfg = Release|x86
		{C1D78A37-A4DA-4079-BEB5-78677C6E2AF5}.SingleImage|Mixed Platforms.ActiveCfg = Release|x86
		{C1D78A37-A4DA-4079-BEB5-78677C6E2AF5}.SingleImage|Mixed Platforms.Build.0 = Release|x86
		{C1D78A37-A4DA-4079-BEB5-78677C6E2AF5}.SingleImage|x86.ActiveCfg = Release|x86
		{C1D78A37-A4DA-4079-BEB5-78677C6E2AF5}.SingleImage|x86.Build.0 = Release|x86
	EndGlobalSection
	GlobalSection(SolutionProperties) = preSolution
		HideSolutionNode = FALSE
	EndGlobalSection
EndGlobal
